// !$*UTF8*$!
{
	archiveVersion = 1;
	classes = {
	};
	objectVersion = 46;
	objects = {

/* Begin PBXBuildFile section */
		CECB4AF51B81724700F4EBCD /* main.m in Sources */ = {isa = PBXBuildFile; fileRef = CECB4AF41B81724700F4EBCD /* main.m */; };
		CECB4AF81B81724700F4EBCD /* AppDelegate.m in Sources */ = {isa = PBXBuildFile; fileRef = CECB4AF71B81724700F4EBCD /* AppDelegate.m */; };
		CECB4AFB1B81724700F4EBCD /* ViewController.m in Sources */ = {isa = PBXBuildFile; fileRef = CECB4AFA1B81724700F4EBCD /* ViewController.m */; };
		CECB4AFE1B81724700F4EBCD /* Main.storyboard in Resources */ = {isa = PBXBuildFile; fileRef = CECB4AFC1B81724700F4EBCD /* Main.storyboard */; };
		CECB4B001B81724700F4EBCD /* Images.xcassets in Resources */ = {isa = PBXBuildFile; fileRef = CECB4AFF1B81724700F4EBCD /* Images.xcassets */; };
		CECB4B031B81724700F4EBCD /* LaunchScreen.xib in Resources */ = {isa = PBXBuildFile; fileRef = CECB4B011B81724700F4EBCD /* LaunchScreen.xib */; };
		CECB4B0F1B81724700F4EBCD /* TestTests.m in Sources */ = {isa = PBXBuildFile; fileRef = CECB4B0E1B81724700F4EBCD /* TestTests.m */; };
/* End PBXBuildFile section */

/* Begin PBXContainerItemProxy section */
		CECB4B091B81724700F4EBCD /* PBXContainerItemProxy */ = {
			isa = PBXContainerItemProxy;
			containerPortal = CECB4AE71B81724700F4EBCD /* Project object */;
			proxyType = 1;
			remoteGlobalIDString = CECB4AEE1B81724700F4EBCD;
			remoteInfo = Test;
		};
/* End PBXContainerItemProxy section */

/* Begin PBXFileReference section */
		CECB4AEF1B81724700F4EBCD /* Test.app */ = {isa = PBXFileReference; explicitFileType = wrapper.application; includeInIndex = 0; path = Test.app; sourceTree = BUILT_PRODUCTS_DIR; };
		CECB4AF31B81724700F4EBCD /* Info.plist */ = {isa = PBXFileReference; lastKnownFileType = text.plist.xml; path = Info.plist; sourceTree = "<group>"; };
		CECB4AF41B81724700F4EBCD /* main.m */ = {isa = PBXFileReference; lastKnownFileType = sourcecode.c.objc; path = main.m; sourceTree = "<group>"; };
		CECB4AF61B81724700F4EBCD /* AppDelegate.h */ = {isa = PBXFileReference; lastKnownFileType = sourcecode.c.h; path = AppDelegate.h; sourceTree = "<group>"; };
		CECB4AF71B81724700F4EBCD /* AppDelegate.m */ = {isa = PBXFileReference; lastKnownFileType = sourcecode.c.objc; path = AppDelegate.m; sourceTree = "<group>"; };
		CECB4AF91B81724700F4EBCD /* ViewController.h */ = {isa = PBXFileReference; lastKnownFileType = sourcecode.c.h; path = ViewController.h; sourceTree = "<group>"; };
		CECB4AFA1B81724700F4EBCD /* ViewController.m */ = {isa = PBXFileReference; lastKnownFileType = sourcecode.c.objc; path = ViewController.m; sourceTree = "<group>"; };
		CECB4AFD1B81724700F4EBCD /* Base */ = {isa = PBXFileReference; lastKnownFileType = file.storyboard; name = Base; path = Base.lproj/Main.storyboard; sourceTree = "<group>"; };
		CECB4AFF1B81724700F4EBCD /* Images.xcassets */ = {isa = PBXFileReference; lastKnownFileType = folder.assetcatalog; path = Images.xcassets; sourceTree = "<group>"; };
		CECB4B021B81724700F4EBCD /* Base */ = {isa = PBXFileReference; lastKnownFileType = file.xib; name = Base; path = Base.lproj/LaunchScreen.xib; sourceTree = "<group>"; };
		CECB4B081B81724700F4EBCD /* TestTests.xctest */ = {isa = PBXFileReference; explicitFileType = wrapper.cfbundle; includeInIndex = 0; path = TestTests.xctest; sourceTree = BUILT_PRODUCTS_DIR; };
		CECB4B0D1B81724700F4EBCD /* Info.plist */ = {isa = PBXFileReference; lastKnownFileType = text.plist.xml; path = Info.plist; sourceTree = "<group>"; };
		CECB4B0E1B81724700F4EBCD /* TestTests.m */ = {isa = PBXFileReference; lastKnownFileType = sourcecode.c.objc; path = TestTests.m; sourceTree = "<group>"; };
/* End PBXFileReference section */

/* Begin PBXFrameworksBuildPhase section */
		CECB4AEC1B81724700F4EBCD /* Frameworks */ = {
			isa = PBXFrameworksBuildPhase;
			buildActionMask = 2147483647;
			files = (
			);
			runOnlyForDeploymentPostprocessing = 0;
		};
		CECB4B051B81724700F4EBCD /* Frameworks */ = {
			isa = PBXFrameworksBuildPhase;
			buildActionMask = 2147483647;
			files = (
			);
			runOnlyForDeploymentPostprocessing = 0;
		};
/* End PBXFrameworksBuildPhase section */

/* Begin PBXGroup section */
		CECB4AE61B81724700F4EBCD = {
			isa = PBXGroup;
			children = (
				CECB4AF11B81724700F4EBCD /* Test */,
				CECB4B0B1B81724700F4EBCD /* TestTests */,
				CECB4AF01B81724700F4EBCD /* Products */,
			);
			sourceTree = "<group>";
		};
		CECB4AF01B81724700F4EBCD /* Products */ = {
			isa = PBXGroup;
			children = (
				CECB4AEF1B81724700F4EBCD /* Test.app */,
				CECB4B081B81724700F4EBCD /* TestTests.xctest */,
			);
			name = Products;
			sourceTree = "<group>";
		};
		CECB4AF11B81724700F4EBCD /* Test */ = {
			isa = PBXGroup;
			children = (
				CECB4AF61B81724700F4EBCD /* AppDelegate.h */,
				CECB4AF71B81724700F4EBCD /* AppDelegate.m */,
				CECB4AF91B81724700F4EBCD /* ViewController.h */,
				CECB4AFA1B81724700F4EBCD /* ViewController.m */,
				CECB4AFC1B81724700F4EBCD /* Main.storyboard */,
				CECB4AFF1B81724700F4EBCD /* Images.xcassets */,
				CECB4B011B81724700F4EBCD /* LaunchScreen.xib */,
				CECB4AF21B81724700F4EBCD /* Supporting Files */,
			);
			path = Test;
			sourceTree = "<group>";
		};
		CECB4AF21B81724700F4EBCD /* Supporting Files */ = {
			isa = PBXGroup;
			children = (
				CECB4AF31B81724700F4EBCD /* Info.plist */,
				CECB4AF41B81724700F4EBCD /* main.m */,
			);
			name = "Supporting Files";
			sourceTree = "<group>";
		};
		CECB4B0B1B81724700F4EBCD /* TestTests */ = {
			isa = PBXGroup;
			children = (
				CECB4B0E1B81724700F4EBCD /* TestTests.m */,
				CECB4B0C1B81724700F4EBCD /* Supporting Files */,
			);
			path = TestTests;
			sourceTree = "<group>";
		};
		CECB4B0C1B81724700F4EBCD /* Supporting Files */ = {
			isa = PBXGroup;
			children = (
				CECB4B0D1B81724700F4EBCD /* Info.plist */,
			);
			name = "Supporting Files";
			sourceTree = "<group>";
		};
/* End PBXGroup section */

/* Begin PBXNativeTarget section */
		CECB4AEE1B81724700F4EBCD /* Test */ = {
			isa = PBXNativeTarget;
			buildConfigurationList = CECB4B121B81724700F4EBCD /* Build configuration list for PBXNativeTarget "Test" */;
			buildPhases = (
				CECB4AEB1B81724700F4EBCD /* Sources */,
				CECB4AEC1B81724700F4EBCD /* Frameworks */,
				CECB4AED1B81724700F4EBCD /* Resources */,
			);
			buildRules = (
			);
			dependencies = (
			);
			name = Test;
			productName = Test;
			productReference = CECB4AEF1B81724700F4EBCD /* Test.app */;
			productType = "com.apple.product-type.application";
		};
		CECB4B071B81724700F4EBCD /* TestTests */ = {
			isa = PBXNativeTarget;
			buildConfigurationList = CECB4B151B81724700F4EBCD /* Build configuration list for PBXNativeTarget "TestTests" */;
			buildPhases = (
				CECB4B041B81724700F4EBCD /* Sources */,
				CECB4B051B81724700F4EBCD /* Frameworks */,
				CECB4B061B81724700F4EBCD /* Resources */,
			);
			buildRules = (
			);
			dependencies = (
				CECB4B0A1B81724700F4EBCD /* PBXTargetDependency */,
			);
			name = TestTests;
			productName = TestTests;
			productReference = CECB4B081B81724700F4EBCD /* TestTests.xctest */;
			productType = "com.apple.product-type.bundle.unit-test";
		};
/* End PBXNativeTarget section */

/* Begin PBXProject section */
		CECB4AE71B81724700F4EBCD /* Project object */ = {
			isa = PBXProject;
			attributes = {
				LastUpgradeCheck = 0640;
				ORGANIZATIONNAME = User;
				TargetAttributes = {
					CECB4AEE1B81724700F4EBCD = {
						CreatedOnToolsVersion = 6.4;
					};
					CECB4B071B81724700F4EBCD = {
						CreatedOnToolsVersion = 6.4;
						TestTargetID = CECB4AEE1B81724700F4EBCD;
					};
				};
			};
			buildConfigurationList = CECB4AEA1B81724700F4EBCD /* Build configuration list for PBXProject "Test" */;
			compatibilityVersion = "Xcode 3.2";
			developmentRegion = English;
			hasScannedForEncodings = 0;
			knownRegions = (
				en,
				Base,
			);
			mainGroup = CECB4AE61B81724700F4EBCD;
			productRefGroup = CECB4AF01B81724700F4EBCD /* Products */;
			projectDirPath = "";
			projectRoot = "";
			targets = (
				CECB4AEE1B81724700F4EBCD /* Test */,
				CECB4B071B81724700F4EBCD /* TestTests */,
			);
		};
/* End PBXProject section */

/* Begin PBXResourcesBuildPhase section */
		CECB4AED1B81724700F4EBCD /* Resources */ = {
			isa = PBXResourcesBuildPhase;
			buildActionMask = 2147483647;
			files = (
				CECB4AFE1B81724700F4EBCD /* Main.storyboard in Resources */,
				CECB4B031B81724700F4EBCD /* LaunchScreen.xib in Resources */,
				CECB4B001B81724700F4EBCD /* Images.xcassets in Resources */,
			);
			runOnlyForDeploymentPostprocessing = 0;
		};
		CECB4B061B81724700F4EBCD /* Resources */ = {
			isa = PBXResourcesBuildPhase;
			buildActionMask = 2147483647;
			files = (
			);
			runOnlyForDeploymentPostprocessing = 0;
		};
/* End PBXResourcesBuildPhase section */

/* Begin PBXSourcesBuildPhase section */
		CECB4AEB1B81724700F4EBCD /* Sources */ = {
			isa = PBXSourcesBuildPhase;
			buildActionMask = 2147483647;
			files = (
				CECB4AFB1B81724700F4EBCD /* ViewController.m in Sources */,
				CECB4AF81B81724700F4EBCD /* AppDelegate.m in Sources */,
				CECB4AF51B81724700F4EBCD /* main.m in Sources */,
			);
			runOnlyForDeploymentPostprocessing = 0;
		};
		CECB4B041B81724700F4EBCD /* Sources */ = {
			isa = PBXSourcesBuildPhase;
			buildActionMask = 2147483647;
			files = (
				CECB4B0F1B81724700F4EBCD /* TestTests.m in Sources */,
			);
			runOnlyForDeploymentPostprocessing = 0;
		};
/* End PBXSourcesBuildPhase section */

/* Begin PBXTargetDependency section */
		CECB4B0A1B81724700F4EBCD /* PBXTargetDependency */ = {
			isa = PBXTargetDependency;
			target = CECB4AEE1B81724700F4EBCD /* Test */;
			targetProxy = CECB4B091B81724700F4EBCD /* PBXContainerItemProxy */;
		};
/* End PBXTargetDependency section */

/* Begin PBXVariantGroup section */
		CECB4AFC1B81724700F4EBCD /* Main.storyboard */ = {
			isa = PBXVariantGroup;
			children = (
				CECB4AFD1B81724700F4EBCD /* Base */,
			);
			name = Main.storyboard;
			sourceTree = "<group>";
		};
		CECB4B011B81724700F4EBCD /* LaunchScreen.xib */ = {
			isa = PBXVariantGroup;
			children = (
				CECB4B021B81724700F4EBCD /* Base */,
			);
			name = LaunchScreen.xib;
			sourceTree = "<group>";
		};
/* End PBXVariantGroup section */

/* Begin XCBuildConfiguration section */
		CECB4B101B81724700F4EBCD /* Debug */ = {
			isa = XCBuildConfiguration;
			buildSettings = {
				ALWAYS_SEARCH_USER_PATHS = NO;
				CLANG_CXX_LANGUAGE_STANDARD = "gnu++0x";
				CLANG_CXX_LIBRARY = "libc++";
				CLANG_ENABLE_MODULES = YES;
				CLANG_ENABLE_OBJC_ARC = YES;
				CLANG_WARN_BOOL_CONVERSION = YES;
				CLANG_WARN_CONSTANT_CONVERSION = YES;
				CLANG_WARN_DIRECT_OBJC_ISA_USAGE = YES_ERROR;
				CLANG_WARN_EMPTY_BODY = YES;
				CLANG_WARN_ENUM_CONVERSION = YES;
				CLANG_WARN_INT_CONVERSION = YES;
				CLANG_WARN_OBJC_ROOT_CLASS = YES_ERROR;
				CLANG_WARN_UNREACHABLE_CODE = YES;
				CLANG_WARN__DUPLICATE_METHOD_MATCH = YES;
				"CODE_SIGN_IDENTITY[sdk=iphoneos*]" = "iPhone Developer";
				COPY_PHASE_STRIP = NO;
				DEBUG_INFORMATION_FORMAT = "dwarf-with-dsym";
				ENABLE_STRICT_OBJC_MSGSEND = YES;
				GCC_C_LANGUAGE_STANDARD = gnu99;
				GCC_DYNAMIC_NO_PIC = NO;
				GCC_NO_COMMON_BLOCKS = YES;
				GCC_OPTIMIZATION_LEVEL = 0;
				GCC_PREPROCESSOR_DEFINITIONS = (
					"DEBUG=1",
					"$(inherited)",
				);
				GCC_SYMBOLS_PRIVATE_EXTERN = NO;
				GCC_WARN_64_TO_32_BIT_CONVERSION = YES;
				GCC_WARN_ABOUT_RETURN_TYPE = YES_ERROR;
				GCC_WARN_UNDECLARED_SELECTOR = YES;
				GCC_WARN_UNINITIALIZED_AUTOS = YES_AGGRESSIVE;
				GCC_WARN_UNUSED_FUNCTION = YES;
				GCC_WARN_UNUSED_VARIABLE = YES;
				IPHONEOS_DEPLOYMENT_TARGET = 8.4;
				MTL_ENABLE_DEBUG_INFO = YES;
				ONLY_ACTIVE_ARCH = YES;
				SDKROOT = iphoneos;
				TARGETED_DEVICE_FAMILY = "1,2";
			};
			name = Debug;
		};
		CECB4B111B81724700F4EBCD /* Release */ = {
			isa = XCBuildConfiguration;
			buildSettings = {
				ALWAYS_SEARCH_USER_PATHS = NO;
				CLANG_CXX_LANGUAGE_STANDARD = "gnu++0x";
				CLANG_CXX_LIBRARY = "libc++";
				CLANG_ENABLE_MODULES = YES;
				CLANG_ENABLE_OBJC_ARC = YES;
				CLANG_WARN_BOOL_CONVERSION = YES;
				CLANG_WARN_CONSTANT_CONVERSION = YES;
				CLANG_WARN_DIRECT_OBJC_ISA_USAGE = YES_ERROR;
				CLANG_WARN_EMPTY_BODY = YES;
				CLANG_WARN_ENUM_CONVERSION = YES;
				CLANG_WARN_INT_CONVERSION = YES;
				CLANG_WARN_OBJC_ROOT_CLASS = YES_ERROR;
				CLANG_WARN_UNREACHABLE_CODE = YES;
				CLANG_WARN__DUPLICATE_METHOD_MATCH = YES;
				"CODE_SIGN_IDENTITY[sdk=iphoneos*]" = "iPhone Developer";
				COPY_PHASE_STRIP = NO;
				DEBUG_INFORMATION_FORMAT = "dwarf-with-dsym";
				ENABLE_NS_ASSERTIONS = NO;
				ENABLE_STRICT_OBJC_MSGSEND = YES;
				GCC_C_LANGUAGE_STANDARD = gnu99;
				GCC_NO_COMMON_BLOCKS = YES;
				GCC_WARN_64_TO_32_BIT_CONVERSION = YES;
				GCC_WARN_ABOUT_RETURN_TYPE = YES_ERROR;
				GCC_WARN_UNDECLARED_SELECTOR = YES;
				GCC_WARN_UNINITIALIZED_AUTOS = YES_AGGRESSIVE;
				GCC_WARN_UNUSED_FUNCTION = YES;
				GCC_WARN_UNUSED_VARIABLE = YES;
				IPHONEOS_DEPLOYMENT_TARGET = 8.4;
				MTL_ENABLE_DEBUG_INFO = NO;
				SDKROOT = iphoneos;
				TARGETED_DEVICE_FAMILY = "1,2";
				VALIDATE_PRODUCT = YES;
			};
			name = Release;
		};
		CECB4B131B81724700F4EBCD /* Debug */ = {
			isa = XCBuildConfiguration;
			buildSettings = {
				ASSETCATALOG_COMPILER_APPICON_NAME = AppIcon;
				INFOPLIST_FILE = Test/Info.plist;
				LD_RUNPATH_SEARCH_PATHS = "$(inherited) @executable_path/Frameworks";
				PRODUCT_NAME = "$(TARGET_NAME)";
			};
			name = Debug;
		};
		CECB4B141B81724700F4EBCD /* Release */ = {
			isa = XCBuildConfiguration;
			buildSettings = {
				ASSETCATALOG_COMPILER_APPICON_NAME = AppIcon;
				INFOPLIST_FILE = Test/Info.plist;
				LD_RUNPATH_SEARCH_PATHS = "$(inherited) @executable_path/Frameworks";
				PRODUCT_NAME = "$(TARGET_NAME)";
			};
			name = Release;
		};
		CECB4B161B81724700F4EBCD /* Debug */ = {
			isa = XCBuildConfiguration;
			buildSettings = {
				BUNDLE_LOADER = "$(TEST_HOST)";
				FRAMEWORK_SEARCH_PATHS = (
					"$(SDKROOT)/Developer/Library/Frameworks",
					"$(inherited)",
				);
				GCC_PREPROCESSOR_DEFINITIONS = (
					"DEBUG=1",
					"$(inherited)",
				);
				INFOPLIST_FILE = TestTests/Info.plist;
				LD_RUNPATH_SEARCH_PATHS = "$(inherited) @executable_path/Frameworks @loader_path/Frameworks";
				PRODUCT_NAME = "$(TARGET_NAME)";
				TEST_HOST = "$(BUILT_PRODUCTS_DIR)/Test.app/Test";
			};
			name = Debug;
		};
		CECB4B171B81724700F4EBCD /* Release */ = {
			isa = XCBuildConfiguration;
			buildSettings = {
				BUNDLE_LOADER = "$(TEST_HOST)";
				FRAMEWORK_SEARCH_PATHS = (
					"$(SDKROOT)/Developer/Library/Frameworks",
					"$(inherited)",
				);
				INFOPLIST_FILE = TestTests/Info.plist;
				LD_RUNPATH_SEARCH_PATHS = "$(inherited) @executable_path/Frameworks @loader_path/Frameworks";
				PRODUCT_NAME = "$(TARGET_NAME)";
				TEST_HOST = "$(BUILT_PRODUCTS_DIR)/Test.app/Test";
			};
			name = Release;
		};
/* End XCBuildConfiguration section */

/* Begin XCConfigurationList section */
		CECB4AEA1B81724700F4EBCD /* Build configuration list for PBXProject "Test" */ = {
			isa = XCConfigurationList;
			buildConfigurations = (
				CECB4B101B81724700F4EBCD /* Debug */,
				CECB4B111B81724700F4EBCD /* Release */,
			);
			defaultConfigurationIsVisible = 0;
			defaultConfigurationName = Release;
		};
		CECB4B121B81724700F4EBCD /* Build configuration list for PBXNativeTarget "Test" */ = {
			isa = XCConfigurationList;
			buildConfigurations = (
				CECB4B131B81724700F4EBCD /* Debug */,
				CECB4B141B81724700F4EBCD /* Release */,
			);
			defaultConfigurationIsVisible = 0;
		};
		CECB4B151B81724700F4EBCD /* Build configuration list for PBXNativeTarget "TestTests" */ = {
			isa = XCConfigurationList;
			buildConfigurations = (
				CECB4B161B81724700F4EBCD /* Debug */,
				CECB4B171B81724700F4EBCD /* Release */,
			);
			defaultConfigurationIsVisible = 0;
		};
/* End XCConfigurationList section */
	};
	rootObject = CECB4AE71B81724700F4EBCD /* Project object */;
}
